<?xml version="1.0" encoding="utf-8"?>
<Project ToolsVersion="4.0" xmlns="http://schemas.microsoft.com/developer/msbuild/2003">
  <ItemGroup>
    <Filter Include="Source Files">
      <UniqueIdentifier>{4FC737F1-C7A5-4376-A066-2A32D752A2FF}</UniqueIdentifier>
      <Extensions>cpp;c;cc;cxx;c++;cppm;ixx;def;odl;idl;hpj;bat;asm;asmx</Extensions>
    </Filter>
    <Filter Include="Header Files">
      <UniqueIdentifier>{93995380-89BD-4b04-88EB-625FBE52EBFB}</UniqueIdentifier>
      <Extensions>h;hh;hpp;hxx;h++;hm;inl;inc;ipp;xsd</Extensions>
    </Filter>
    <Filter Include="Resource Files">
      <UniqueIdentifier>{67DA6AB6-F800-4c08-8B7A-83BB121AAD01}</UniqueIdentifier>
      <Extensions>rc;ico;cur;bmp;dlg;rc2;rct;bin;rgs;gif;jpg;jpeg;jpe;resx;tiff;tif;png;wav;mfcribbon-ms</Extensions>
    </Filter>
    <Filter Include="ENGINE">
      <UniqueIdentifier>{9eeee750-df74-4b2a-8ec2-51ddc017489b}</UniqueIdentifier>
    </Filter>
    <Filter Include="GAME">
      <UniqueIdentifier>{ee423c33-5469-4a24-a060-b06e7dac9a82}</UniqueIdentifier>
    </Filter>
    <Filter Include="ENGINE\Vendor">
      <UniqueIdentifier>{6ebbd90f-4cd3-492f-a4a0-6a1f2cd3cf63}</UniqueIdentifier>
    </Filter>
    <Filter Include="ENGINE\Programs">
      <UniqueIdentifier>{7378ff2a-b63a-4bf7-8829-2a876c49b893}</UniqueIdentifier>
    </Filter>
    <Filter Include="ENGINE\ECS">
      <UniqueIdentifier>{a4ed8985-ea9a-49ff-be28-28611d101f6b}</UniqueIdentifier>
    </Filter>
    <Filter Include="ENGINE\ECS\Components">
      <UniqueIdentifier>{4ebcdc48-3937-4fd1-808e-7f1e7be3c07d}</UniqueIdentifier>
    </Filter>
    <Filter Include="ENGINE\ECS\Systems">
      <UniqueIdentifier>{60e9a6ec-973e-4ad5-b508-f48b30275328}</UniqueIdentifier>
    </Filter>
  </ItemGroup>
  <ItemGroup>
    <ClCompile Include="Event.cpp">
      <Filter>ENGINE</Filter>
    </ClCompile>
    <ClCompile Include="main.cpp">
      <Filter>GAME</Filter>
    </ClCompile>
    <ClCompile Include="Core.cpp">
      <Filter>ENGINE</Filter>
    </ClCompile>
    <ClCompile Include="Shader.cpp">
      <Filter>ENGINE</Filter>
    </ClCompile>
    <ClCompile Include="RendererQuad2D.cpp">
      <Filter>ENGINE</Filter>
    </ClCompile>
    <ClCompile Include="RendererText2D.cpp">
      <Filter>ENGINE</Filter>
    </ClCompile>
    <ClCompile Include="Timer.cpp">
      <Filter>ENGINE</Filter>
    </ClCompile>
    <ClCompile Include="Logger.cpp">
      <Filter>ENGINE</Filter>
    </ClCompile>
    <ClCompile Include="MapLoader.cpp">
      <Filter>GAME</Filter>
    </ClCompile>
    <ClCompile Include="RendererTileset2D.cpp">
      <Filter>ENGINE</Filter>
    </ClCompile>
    <ClCompile Include="Mesh.cpp">
      <Filter>ENGINE</Filter>
    </ClCompile>
    <ClCompile Include="Model.cpp">
      <Filter>ENGINE</Filter>
    </ClCompile>
    <ClCompile Include="FileLoader.cpp">
      <Filter>ENGINE</Filter>
    </ClCompile>
    <ClCompile Include="Camera2D.cpp">
      <Filter>ENGINE</Filter>
    </ClCompile>
    <ClCompile Include="SVertex2D.h">
      <Filter>ENGINE</Filter>
    </ClCompile>
    <ClCompile Include="Physics.cpp">
      <Filter>ENGINE</Filter>
    </ClCompile>
    <ClCompile Include="PhysicsDebugDraw.h">
      <Filter>ENGINE</Filter>
    </ClCompile>
    <ClCompile Include="Grid.cpp">
      <Filter>ENGINE</Filter>
    </ClCompile>
    <ClCompile Include="VectorHelpers.cpp">
      <Filter>ENGINE</Filter>
    </ClCompile>
    <ClCompile Include="Camera3DBase.cpp">
      <Filter>ENGINE</Filter>
    </ClCompile>
    <ClCompile Include="CameraFreeLook.cpp">
      <Filter>ENGINE</Filter>
    </ClCompile>
    <ClCompile Include="CameraFollow.cpp">
      <Filter>ENGINE</Filter>
    </ClCompile>
    <ClCompile Include="CharacterController.cpp">
      <Filter>ENGINE</Filter>
    </ClCompile>
    <ClCompile Include="System.cpp">
      <Filter>ENGINE\ECS</Filter>
    </ClCompile>
    <ClCompile Include="EntityManager.cpp">
      <Filter>ENGINE\ECS</Filter>
    </ClCompile>
    <ClCompile Include="SystemManager.cpp">
      <Filter>ENGINE\ECS</Filter>
    </ClCompile>
    <ClCompile Include="MeshRenderSystem.cpp">
      <Filter>ENGINE\ECS\Systems</Filter>
    </ClCompile>
    <ClCompile Include="CameraSystem.cpp">
      <Filter>ENGINE\ECS\Systems</Filter>
    </ClCompile>
  </ItemGroup>
  <ItemGroup>
    <ClInclude Include="Event.h">
      <Filter>ENGINE</Filter>
    </ClInclude>
    <ClInclude Include="Core.h">
      <Filter>ENGINE</Filter>
    </ClInclude>
    <ClInclude Include="Code.h">
      <Filter>ENGINE</Filter>
    </ClInclude>
    <ClInclude Include="Shader.h">
      <Filter>ENGINE</Filter>
    </ClInclude>
    <ClInclude Include="RendererQuad2D.h">
      <Filter>ENGINE</Filter>
    </ClInclude>
    <ClInclude Include="RendererText2D.h">
      <Filter>ENGINE</Filter>
    </ClInclude>
    <ClInclude Include="Timer.h">
      <Filter>ENGINE</Filter>
    </ClInclude>
    <ClInclude Include="stbi_image.h">
      <Filter>ENGINE\Vendor</Filter>
    </ClInclude>
    <ClInclude Include="Logger.h">
      <Filter>ENGINE</Filter>
    </ClInclude>
    <ClInclude Include="Defaults.h">
      <Filter>ENGINE</Filter>
    </ClInclude>
    <ClInclude Include="MapLoader.h">
      <Filter>GAME</Filter>
    </ClInclude>
    <ClInclude Include="RendererTileset2D.h">
      <Filter>ENGINE</Filter>
    </ClInclude>
    <ClInclude Include="Mesh.h">
      <Filter>ENGINE</Filter>
    </ClInclude>
    <ClInclude Include="Model.h">
      <Filter>ENGINE</Filter>
    </ClInclude>
    <ClInclude Include="SVertex.h">
      <Filter>ENGINE</Filter>
    </ClInclude>
    <ClInclude Include="STexture.h">
      <Filter>ENGINE</Filter>
    </ClInclude>
    <ClInclude Include="FileLoader.h">
      <Filter>ENGINE</Filter>
    </ClInclude>
    <ClInclude Include="Camera2D.h">
      <Filter>ENGINE</Filter>
    </ClInclude>
    <ClInclude Include="Physics.h">
      <Filter>ENGINE</Filter>
    </ClInclude>
    <ClInclude Include="Grid.h">
      <Filter>ENGINE</Filter>
    </ClInclude>
    <ClInclude Include="VectorHelpers.h">
      <Filter>ENGINE</Filter>
    </ClInclude>
    <ClInclude Include="Camera3DBase.h">
      <Filter>ENGINE</Filter>
    </ClInclude>
    <ClInclude Include="CameraFreeLook.h">
      <Filter>ENGINE</Filter>
    </ClInclude>
    <ClInclude Include="CameraFollow.h">
      <Filter>ENGINE</Filter>
    </ClInclude>
    <ClInclude Include="CharacterController.h">
      <Filter>ENGINE</Filter>
    </ClInclude>
    <ClInclude Include="System.h">
      <Filter>ENGINE\ECS</Filter>
    </ClInclude>
    <ClInclude Include="EntityManager.h">
      <Filter>ENGINE\ECS</Filter>
    </ClInclude>
    <ClInclude Include="SystemManager.h">
      <Filter>ENGINE\ECS</Filter>
    </ClInclude>
    <ClInclude Include="TransformComponent.h">
      <Filter>ENGINE\ECS\Components</Filter>
    </ClInclude>
    <ClInclude Include="MeshComponent.h">
      <Filter>ENGINE\ECS\Components</Filter>
    </ClInclude>
    <ClInclude Include="BuffersComponent.h">
      <Filter>ENGINE\ECS\Components</Filter>
    </ClInclude>
    <ClInclude Include="MeshRenderSystem.h">
      <Filter>ENGINE\ECS\Systems</Filter>
    </ClInclude>
    <ClInclude Include="TexturesComponent.h">
      <Filter>ENGINE\ECS\Components</Filter>
    </ClInclude>
    <ClInclude Include="CameraComponent.h">
      <Filter>ENGINE\ECS\Components</Filter>
    </ClInclude>
    <ClInclude Include="CameraSystem.h">
      <Filter>ENGINE\ECS\Systems</Filter>
    </ClInclude>
    <ClInclude Include="MouseRelXY.h">
      <Filter>ENGINE\ECS\Components</Filter>
    </ClInclude>
  </ItemGroup>
  <ItemGroup>
    <None Include="fragment_2d.glsl">
      <Filter>ENGINE\Programs</Filter>
    </None>
    <None Include="vertex_2d.glsl">
      <Filter>ENGINE\Programs</Filter>
    </None>
    <None Include="fragment_model_3d.glsl">
      <Filter>ENGINE\Programs</Filter>
    </None>
    <None Include="base_vertex_2d.glsl">
      <Filter>ENGINE\Programs</Filter>
    </None>
    <None Include="base_fragment_2d.glsl">
      <Filter>ENGINE\Programs</Filter>
    </None>
    <None Include="physics_debug_draw_vertex.glsl">
      <Filter>ENGINE\Programs</Filter>
    </None>
    <None Include="physics_debug_draw_fragment.glsl">
      <Filter>ENGINE\Programs</Filter>
    </None>
    <None Include="grid_vertex.glsl">
      <Filter>ENGINE\Programs</Filter>
    </None>
    <None Include="grid_fragment.glsl">
      <Filter>ENGINE\Programs</Filter>
    </None>
    <None Include="lighting_3d_fragment.glsl">
      <Filter>ENGINE\Programs</Filter>
    </None>
    <None Include="lighting_3d_vertex.glsl">
      <Filter>ENGINE\Programs</Filter>
    </None>
  </ItemGroup>
  <ItemGroup>
    <Text Include="Design.txt">
      <Filter>GAME</Filter>
    </Text>
  </ItemGroup>
</Project>